// !$*UTF8*$!
{
	archiveVersion = 1;
	classes = {
	};
	objectVersion = 46;
	objects = {

/* Begin PBXBuildFile section */
		4A021B3F16B801CD00F98FBC /* askpass.entitlements in Resources */ = {isa = PBXBuildFile; fileRef = 4A021B3E16B801CD00F98FBC /* askpass.entitlements */; };
		4A03F73916A69519009BCD79 /* AppController.m in Sources */ = {isa = PBXBuildFile; fileRef = 4A03F73816A69519009BCD79 /* AppController.m */; };
		4A03F73E16A695F0009BCD79 /* StatusMenu.xib in Resources */ = {isa = PBXBuildFile; fileRef = 4A03F73D16A695F0009BCD79 /* StatusMenu.xib */; };
		4A1841D416AD3D0A00CB5D2B /* black-hard-drive-network_64x64.icns in Resources */ = {isa = PBXBuildFile; fileRef = 4A1841D316AD3D0A00CB5D2B /* black-hard-drive-network_64x64.icns */; };
		4A1841D616AD3E0200CB5D2B /* blue-hard-drive-network_64x64.icns in Resources */ = {isa = PBXBuildFile; fileRef = 4A1841D516AD3E0200CB5D2B /* blue-hard-drive-network_64x64.icns */; };
		4A1BE47C16A5BAA0000E56D7 /* Foundation.framework in Frameworks */ = {isa = PBXBuildFile; fileRef = 4A1BE47B16A5BAA0000E56D7 /* Foundation.framework */; };
		4A1BE49D16A68F30000E56D7 /* sshproxy.entitlements in Resources */ = {isa = PBXBuildFile; fileRef = 4A1BE49C16A68F30000E56D7 /* sshproxy.entitlements */; };
		4A1E89041701F09F007DF2A0 /* logo.iconset in Resources */ = {isa = PBXBuildFile; fileRef = 4A1E89031701F09F007DF2A0 /* logo.iconset */; };
		4A1F18AD16A7E65A00F39F74 /* CharmNumberFormatter.m in Sources */ = {isa = PBXBuildFile; fileRef = 4A1F18AC16A7E65A00F39F74 /* CharmNumberFormatter.m */; };
		4A37A086171AEC6300605BE1 /* CharmTextField.m in Sources */ = {isa = PBXBuildFile; fileRef = 4A37A085171AEC6300605BE1 /* CharmTextField.m */; };
		4A41067A16BE7F4600D46D91 /* Security.framework in Frameworks */ = {isa = PBXBuildFile; fileRef = 4A41067916BE7F4600D46D91 /* Security.framework */; };
		4A41067C16BE7FB000D46D91 /* ServiceManagement.framework in Frameworks */ = {isa = PBXBuildFile; fileRef = 4A41067B16BE7FB000D46D91 /* ServiceManagement.framework */; };
		4A41067D16BE7FD000D46D91 /* Security.framework in Frameworks */ = {isa = PBXBuildFile; fileRef = 4A41067916BE7F4600D46D91 /* Security.framework */; };
		4A41067E16BE7FE700D46D91 /* ServiceManagement.framework in Frameworks */ = {isa = PBXBuildFile; fileRef = 4A41067B16BE7FB000D46D91 /* ServiceManagement.framework */; };
		4A42310C1719A96800ABD4F6 /* main.c in Sources */ = {isa = PBXBuildFile; fileRef = 4A42310B1719A96800ABD4F6 /* main.c */; };
		4A4231161719AA3500ABD4F6 /* PasswordHelper.m in Sources */ = {isa = PBXBuildFile; fileRef = 4A4231131719A9F400ABD4F6 /* PasswordHelper.m */; };
		4A4231171719AAD500ABD4F6 /* connect in Resources */ = {isa = PBXBuildFile; fileRef = 4A4231091719A96800ABD4F6 /* connect */; };
		4A42311B1719AB5100ABD4F6 /* libresolv.dylib in Frameworks */ = {isa = PBXBuildFile; fileRef = 4A42311A1719AB5100ABD4F6 /* libresolv.dylib */; };
		4A44D67E16A8368900EB44A8 /* SSH Proxy - Ask Password in Resources */ = {isa = PBXBuildFile; fileRef = 4A1BE47916A5BAA0000E56D7 /* SSH Proxy - Ask Password */; };
		4A44D68216A837CB00EB44A8 /* main.m in Sources */ = {isa = PBXBuildFile; fileRef = 4A44D67F16A8379C00EB44A8 /* main.m */; };
		4A44D69116AD194C00EB44A8 /* black-hard-drive-network_64x64.png in Resources */ = {isa = PBXBuildFile; fileRef = 4A44D68E16AD194B00EB44A8 /* black-hard-drive-network_64x64.png */; };
		4A44D69216AD194C00EB44A8 /* red-hard-drive-network_64x64.png in Resources */ = {isa = PBXBuildFile; fileRef = 4A44D68F16AD194B00EB44A8 /* red-hard-drive-network_64x64.png */; };
		4A44D69316AD194C00EB44A8 /* yellow-hard-drive-network_64x64.png in Resources */ = {isa = PBXBuildFile; fileRef = 4A44D69016AD194C00EB44A8 /* yellow-hard-drive-network_64x64.png */; };
		4A44D69516AD1D6E00EB44A8 /* green-hard-drive-network_64x64.png in Resources */ = {isa = PBXBuildFile; fileRef = 4A44D69416AD1D6E00EB44A8 /* green-hard-drive-network_64x64.png */; };
		4A7B733016E6F184005D9965 /* MainMenu.xib in Resources */ = {isa = PBXBuildFile; fileRef = 4A7B732F16E6F184005D9965 /* MainMenu.xib */; };
		4AA6471316BD006700DE5CAD /* MASPreferencesWindow.xib in Resources */ = {isa = PBXBuildFile; fileRef = 4AA6470E16BD006700DE5CAD /* MASPreferencesWindow.xib */; };
		4AA6471416BD006700DE5CAD /* MASPreferencesWindowController.m in Sources */ = {isa = PBXBuildFile; fileRef = 4AA6471016BD006700DE5CAD /* MASPreferencesWindowController.m */; };
		4AA6471516BD006700DE5CAD /* README.md in Resources */ = {isa = PBXBuildFile; fileRef = 4AA6471116BD006700DE5CAD /* README.md */; };
		4AA6471B16BE3DBA00DE5CAD /* Cocoa.framework in Frameworks */ = {isa = PBXBuildFile; fileRef = 4AD3FDDD16A56EF400378F77 /* Cocoa.framework */; };
		4AA6472116BE3DBA00DE5CAD /* InfoPlist.strings in Resources */ = {isa = PBXBuildFile; fileRef = 4AA6471F16BE3DBA00DE5CAD /* InfoPlist.strings */; };
		4AA6472316BE3DBA00DE5CAD /* main.m in Sources */ = {isa = PBXBuildFile; fileRef = 4AA6472216BE3DBA00DE5CAD /* main.m */; };
		4AA6472716BE3DBA00DE5CAD /* Credits.rtf in Resources */ = {isa = PBXBuildFile; fileRef = 4AA6472516BE3DBA00DE5CAD /* Credits.rtf */; };
		4AA6472A16BE3DBA00DE5CAD /* AppDelegate.m in Sources */ = {isa = PBXBuildFile; fileRef = 4AA6472916BE3DBA00DE5CAD /* AppDelegate.m */; };
		4AA6473316BE3F0C00DE5CAD /* SSH Proxy Helper.app in Copy Helper App */ = {isa = PBXBuildFile; fileRef = 4AA6471A16BE3DB900DE5CAD /* SSH Proxy Helper.app */; };
		4AD3FDDE16A56EF400378F77 /* Cocoa.framework in Frameworks */ = {isa = PBXBuildFile; fileRef = 4AD3FDDD16A56EF400378F77 /* Cocoa.framework */; };
		4AD3FDE816A56EF400378F77 /* InfoPlist.strings in Resources */ = {isa = PBXBuildFile; fileRef = 4AD3FDE616A56EF400378F77 /* InfoPlist.strings */; };
		4AD3FDEA16A56EF400378F77 /* main.m in Sources */ = {isa = PBXBuildFile; fileRef = 4AD3FDE916A56EF400378F77 /* main.m */; };
		4AD3FDEE16A56EF400378F77 /* Credits.rtf in Resources */ = {isa = PBXBuildFile; fileRef = 4AD3FDEC16A56EF400378F77 /* Credits.rtf */; };
		4AD3FDFC16A56EF400378F77 /* SenTestingKit.framework in Frameworks */ = {isa = PBXBuildFile; fileRef = 4AD3FDFB16A56EF400378F77 /* SenTestingKit.framework */; };
		4AD3FDFD16A56EF400378F77 /* Cocoa.framework in Frameworks */ = {isa = PBXBuildFile; fileRef = 4AD3FDDD16A56EF400378F77 /* Cocoa.framework */; };
		4AD3FE0516A56EF400378F77 /* InfoPlist.strings in Resources */ = {isa = PBXBuildFile; fileRef = 4AD3FE0316A56EF400378F77 /* InfoPlist.strings */; };
		4AD3FE0816A56EF400378F77 /* SSH_ProxyTests.m in Sources */ = {isa = PBXBuildFile; fileRef = 4AD3FE0716A56EF400378F77 /* SSH_ProxyTests.m */; };
		4AEC465916A6A35E008BD118 /* GeneralPreferencesView.xib in Resources */ = {isa = PBXBuildFile; fileRef = 4AEC465816A6A35E008BD118 /* GeneralPreferencesView.xib */; };
		4AEC465C16A6A3F5008BD118 /* GeneralPreferencesViewController.m in Sources */ = {isa = PBXBuildFile; fileRef = 4AEC465B16A6A3F5008BD118 /* GeneralPreferencesViewController.m */; };
/* End PBXBuildFile section */

/* Begin PBXContainerItemProxy section */
		4A1BE49E16A69049000E56D7 /* PBXContainerItemProxy */ = {
			isa = PBXContainerItemProxy;
			containerPortal = 4AD3FDD016A56EF400378F77 /* Project object */;
			proxyType = 1;
			remoteGlobalIDString = 4A1BE47816A5BAA0000E56D7;
			remoteInfo = authenticator;
		};
		4A4231181719AADD00ABD4F6 /* PBXContainerItemProxy */ = {
			isa = PBXContainerItemProxy;
			containerPortal = 4AD3FDD016A56EF400378F77 /* Project object */;
			proxyType = 1;
			remoteGlobalIDString = 4A4231081719A96800ABD4F6;
			remoteInfo = connect;
		};
		4AA6473416BE3FDC00DE5CAD /* PBXContainerItemProxy */ = {
			isa = PBXContainerItemProxy;
			containerPortal = 4AD3FDD016A56EF400378F77 /* Project object */;
			proxyType = 1;
			remoteGlobalIDString = 4AA6471916BE3DB900DE5CAD;
			remoteInfo = sshproxyhelper;
		};
		4AD3FDFE16A56EF400378F77 /* PBXContainerItemProxy */ = {
			isa = PBXContainerItemProxy;
			containerPortal = 4AD3FDD016A56EF400378F77 /* Project object */;
			proxyType = 1;
			remoteGlobalIDString = 4AD3FDD816A56EF400378F77;
			remoteInfo = "SSH Proxy";
		};
/* End PBXContainerItemProxy section */

/* Begin PBXCopyFilesBuildPhase section */
		4A1BE47716A5BAA0000E56D7 /* CopyFiles */ = {
			isa = PBXCopyFilesBuildPhase;
			buildActionMask = 2147483647;
			dstPath = /usr/share/man/man1/;
			dstSubfolderSpec = 0;
			files = (
			);
			runOnlyForDeploymentPostprocessing = 1;
		};
		4A4231071719A96800ABD4F6 /* Copy Files */ = {
			isa = PBXCopyFilesBuildPhase;
			buildActionMask = 2147483647;
			dstPath = /usr/share/man/man1/;
			dstSubfolderSpec = 0;
			files = (
			);
			name = "Copy Files";
			runOnlyForDeploymentPostprocessing = 1;
		};
		4AA6473216BE3EEC00DE5CAD /* Copy Helper App */ = {
			isa = PBXCopyFilesBuildPhase;
			buildActionMask = 2147483647;
			dstPath = Contents/Library/LoginItems;
			dstSubfolderSpec = 1;
			files = (
				4AA6473316BE3F0C00DE5CAD /* SSH Proxy Helper.app in Copy Helper App */,
			);
			name = "Copy Helper App";
			runOnlyForDeploymentPostprocessing = 0;
		};
/* End PBXCopyFilesBuildPhase section */

/* Begin PBXFileReference section */
		4A021B3E16B801CD00F98FBC /* askpass.entitlements */ = {isa = PBXFileReference; fileEncoding = 4; lastKnownFileType = text.xml; name = askpass.entitlements; path = askpass/askpass.entitlements; sourceTree = SOURCE_ROOT; };
		4A03F73716A69519009BCD79 /* AppController.h */ = {isa = PBXFileReference; fileEncoding = 4; lastKnownFileType = sourcecode.c.h; lineEnding = 0; path = AppController.h; sourceTree = "<group>"; xcLanguageSpecificationIdentifier = xcode.lang.objcpp; };
		4A03F73816A69519009BCD79 /* AppController.m */ = {isa = PBXFileReference; fileEncoding = 4; lastKnownFileType = sourcecode.c.objc; lineEnding = 0; path = AppController.m; sourceTree = "<group>"; xcLanguageSpecificationIdentifier = xcode.lang.objc; };
		4A03F73D16A695F0009BCD79 /* StatusMenu.xib */ = {isa = PBXFileReference; fileEncoding = 4; lastKnownFileType = file.xib; path = StatusMenu.xib; sourceTree = "<group>"; };
		4A1841D316AD3D0A00CB5D2B /* black-hard-drive-network_64x64.icns */ = {isa = PBXFileReference; lastKnownFileType = image.icns; path = "black-hard-drive-network_64x64.icns"; sourceTree = "<group>"; };
		4A1841D516AD3E0200CB5D2B /* blue-hard-drive-network_64x64.icns */ = {isa = PBXFileReference; lastKnownFileType = image.icns; path = "blue-hard-drive-network_64x64.icns"; sourceTree = "<group>"; };
		4A1BE47916A5BAA0000E56D7 /* SSH Proxy - Ask Password */ = {isa = PBXFileReference; explicitFileType = "compiled.mach-o.executable"; includeInIndex = 0; path = "SSH Proxy - Ask Password"; sourceTree = BUILT_PRODUCTS_DIR; };
		4A1BE47B16A5BAA0000E56D7 /* Foundation.framework */ = {isa = PBXFileReference; lastKnownFileType = wrapper.framework; name = Foundation.framework; path = System/Library/Frameworks/Foundation.framework; sourceTree = SDKROOT; };
		4A1BE49C16A68F30000E56D7 /* sshproxy.entitlements */ = {isa = PBXFileReference; fileEncoding = 4; lastKnownFileType = text.xml; path = sshproxy.entitlements; sourceTree = "<group>"; };
		4A1E89031701F09F007DF2A0 /* logo.iconset */ = {isa = PBXFileReference; lastKnownFileType = folder.iconset; path = logo.iconset; sourceTree = "<group>"; };
		4A1F18AB16A7E65A00F39F74 /* CharmNumberFormatter.h */ = {isa = PBXFileReference; fileEncoding = 4; lastKnownFileType = sourcecode.c.h; lineEnding = 0; path = CharmNumberFormatter.h; sourceTree = "<group>"; xcLanguageSpecificationIdentifier = xcode.lang.objcpp; };
		4A1F18AC16A7E65A00F39F74 /* CharmNumberFormatter.m */ = {isa = PBXFileReference; fileEncoding = 4; lastKnownFileType = sourcecode.c.objc; lineEnding = 0; path = CharmNumberFormatter.m; sourceTree = "<group>"; xcLanguageSpecificationIdentifier = xcode.lang.objc; };
		4A37A084171AEC6300605BE1 /* CharmTextField.h */ = {isa = PBXFileReference; fileEncoding = 4; lastKnownFileType = sourcecode.c.h; path = CharmTextField.h; sourceTree = "<group>"; };
		4A37A085171AEC6300605BE1 /* CharmTextField.m */ = {isa = PBXFileReference; fileEncoding = 4; lastKnownFileType = sourcecode.c.objc; path = CharmTextField.m; sourceTree = "<group>"; };
		4A41067916BE7F4600D46D91 /* Security.framework */ = {isa = PBXFileReference; lastKnownFileType = wrapper.framework; name = Security.framework; path = System/Library/Frameworks/Security.framework; sourceTree = SDKROOT; };
		4A41067B16BE7FB000D46D91 /* ServiceManagement.framework */ = {isa = PBXFileReference; lastKnownFileType = wrapper.framework; name = ServiceManagement.framework; path = System/Library/Frameworks/ServiceManagement.framework; sourceTree = SDKROOT; };
		4A4231091719A96800ABD4F6 /* connect */ = {isa = PBXFileReference; explicitFileType = "compiled.mach-o.executable"; includeInIndex = 0; path = connect; sourceTree = BUILT_PRODUCTS_DIR; };
		4A42310B1719A96800ABD4F6 /* main.c */ = {isa = PBXFileReference; lastKnownFileType = sourcecode.c.c; path = main.c; sourceTree = "<group>"; };
		4A4231121719A9F400ABD4F6 /* PasswordHelper.h */ = {isa = PBXFileReference; fileEncoding = 4; lastKnownFileType = sourcecode.c.h; name = PasswordHelper.h; path = askpass/PasswordHelper.h; sourceTree = SOURCE_ROOT; };
		4A4231131719A9F400ABD4F6 /* PasswordHelper.m */ = {isa = PBXFileReference; fileEncoding = 4; lastKnownFileType = sourcecode.c.objc; name = PasswordHelper.m; path = askpass/PasswordHelper.m; sourceTree = SOURCE_ROOT; };
		4A42311A1719AB5100ABD4F6 /* libresolv.dylib */ = {isa = PBXFileReference; lastKnownFileType = "compiled.mach-o.dylib"; name = libresolv.dylib; path = usr/lib/libresolv.dylib; sourceTree = SDKROOT; };
		4A42311C1719AB8100ABD4F6 /* connect.entitlements */ = {isa = PBXFileReference; fileEncoding = 4; lastKnownFileType = text.xml; path = connect.entitlements; sourceTree = "<group>"; };
		4A44D67F16A8379C00EB44A8 /* main.m */ = {isa = PBXFileReference; fileEncoding = 4; lastKnownFileType = sourcecode.c.objc; lineEnding = 0; name = main.m; path = askpass/main.m; sourceTree = SOURCE_ROOT; xcLanguageSpecificationIdentifier = xcode.lang.objc; };
		4A44D68116A837A800EB44A8 /* askpass-Prefix.pch */ = {isa = PBXFileReference; fileEncoding = 4; lastKnownFileType = sourcecode.c.h; name = "askpass-Prefix.pch"; path = "askpass/askpass-Prefix.pch"; sourceTree = SOURCE_ROOT; };
		4A44D68E16AD194B00EB44A8 /* black-hard-drive-network_64x64.png */ = {isa = PBXFileReference; lastKnownFileType = image.png; path = "black-hard-drive-network_64x64.png"; sourceTree = "<group>"; };
		4A44D68F16AD194B00EB44A8 /* red-hard-drive-network_64x64.png */ = {isa = PBXFileReference; lastKnownFileType = image.png; path = "red-hard-drive-network_64x64.png"; sourceTree = "<group>"; };
		4A44D69016AD194C00EB44A8 /* yellow-hard-drive-network_64x64.png */ = {isa = PBXFileReference; lastKnownFileType = image.png; path = "yellow-hard-drive-network_64x64.png"; sourceTree = "<group>"; };
		4A44D69416AD1D6E00EB44A8 /* green-hard-drive-network_64x64.png */ = {isa = PBXFileReference; lastKnownFileType = image.png; path = "green-hard-drive-network_64x64.png"; sourceTree = "<group>"; };
		4A7B732F16E6F184005D9965 /* MainMenu.xib */ = {isa = PBXFileReference; fileEncoding = 4; lastKnownFileType = file.xib; path = MainMenu.xib; sourceTree = "<group>"; };
		4AA6470D16BD006700DE5CAD /* MASPreferencesViewController.h */ = {isa = PBXFileReference; fileEncoding = 4; lastKnownFileType = sourcecode.c.h; path = MASPreferencesViewController.h; sourceTree = "<group>"; };
		4AA6470E16BD006700DE5CAD /* MASPreferencesWindow.xib */ = {isa = PBXFileReference; fileEncoding = 4; lastKnownFileType = file.xib; path = MASPreferencesWindow.xib; sourceTree = "<group>"; };
		4AA6470F16BD006700DE5CAD /* MASPreferencesWindowController.h */ = {isa = PBXFileReference; fileEncoding = 4; lastKnownFileType = sourcecode.c.h; path = MASPreferencesWindowController.h; sourceTree = "<group>"; };
		4AA6471016BD006700DE5CAD /* MASPreferencesWindowController.m */ = {isa = PBXFileReference; fileEncoding = 4; lastKnownFileType = sourcecode.c.objc; path = MASPreferencesWindowController.m; sourceTree = "<group>"; };
		4AA6471116BD006700DE5CAD /* README.md */ = {isa = PBXFileReference; fileEncoding = 4; lastKnownFileType = text; path = README.md; sourceTree = "<group>"; };
		4AA6471A16BE3DB900DE5CAD /* SSH Proxy Helper.app */ = {isa = PBXFileReference; explicitFileType = wrapper.application; includeInIndex = 0; path = "SSH Proxy Helper.app"; sourceTree = BUILT_PRODUCTS_DIR; };
		4AA6471E16BE3DBA00DE5CAD /* sshproxyhelper-Info.plist */ = {isa = PBXFileReference; lastKnownFileType = text.plist.xml; path = "sshproxyhelper-Info.plist"; sourceTree = "<group>"; };
		4AA6472016BE3DBA00DE5CAD /* en */ = {isa = PBXFileReference; lastKnownFileType = text.plist.strings; name = en; path = en.lproj/InfoPlist.strings; sourceTree = "<group>"; };
		4AA6472216BE3DBA00DE5CAD /* main.m */ = {isa = PBXFileReference; lastKnownFileType = sourcecode.c.objc; path = main.m; sourceTree = "<group>"; };
		4AA6472416BE3DBA00DE5CAD /* sshproxyhelper-Prefix.pch */ = {isa = PBXFileReference; lastKnownFileType = sourcecode.c.h; path = "sshproxyhelper-Prefix.pch"; sourceTree = "<group>"; };
		4AA6472616BE3DBA00DE5CAD /* en */ = {isa = PBXFileReference; lastKnownFileType = text.rtf; name = en; path = en.lproj/Credits.rtf; sourceTree = "<group>"; };
		4AA6472816BE3DBA00DE5CAD /* AppDelegate.h */ = {isa = PBXFileReference; lastKnownFileType = sourcecode.c.h; path = AppDelegate.h; sourceTree = "<group>"; };
		4AA6472916BE3DBA00DE5CAD /* AppDelegate.m */ = {isa = PBXFileReference; lastKnownFileType = sourcecode.c.objc; path = AppDelegate.m; sourceTree = "<group>"; };
		4AA6473116BE3DFF00DE5CAD /* sshproxyhelper.entitlements */ = {isa = PBXFileReference; lastKnownFileType = text.xml; path = sshproxyhelper.entitlements; sourceTree = "<group>"; };
		4AD3FDD916A56EF400378F77 /* SSH Proxy.app */ = {isa = PBXFileReference; explicitFileType = wrapper.application; includeInIndex = 0; path = "SSH Proxy.app"; sourceTree = BUILT_PRODUCTS_DIR; };
		4AD3FDDD16A56EF400378F77 /* Cocoa.framework */ = {isa = PBXFileReference; lastKnownFileType = wrapper.framework; name = Cocoa.framework; path = System/Library/Frameworks/Cocoa.framework; sourceTree = SDKROOT; };
		4AD3FDE016A56EF400378F77 /* AppKit.framework */ = {isa = PBXFileReference; lastKnownFileType = wrapper.framework; name = AppKit.framework; path = System/Library/Frameworks/AppKit.framework; sourceTree = SDKROOT; };
		4AD3FDE116A56EF400378F77 /* CoreData.framework */ = {isa = PBXFileReference; lastKnownFileType = wrapper.framework; name = CoreData.framework; path = System/Library/Frameworks/CoreData.framework; sourceTree = SDKROOT; };
		4AD3FDE216A56EF400378F77 /* Foundation.framework */ = {isa = PBXFileReference; lastKnownFileType = wrapper.framework; name = Foundation.framework; path = System/Library/Frameworks/Foundation.framework; sourceTree = SDKROOT; };
		4AD3FDE516A56EF400378F77 /* sshproxy-Info.plist */ = {isa = PBXFileReference; lastKnownFileType = text.plist.xml; path = "sshproxy-Info.plist"; sourceTree = "<group>"; };
		4AD3FDE716A56EF400378F77 /* en */ = {isa = PBXFileReference; lastKnownFileType = text.plist.strings; name = en; path = en.lproj/InfoPlist.strings; sourceTree = "<group>"; };
		4AD3FDE916A56EF400378F77 /* main.m */ = {isa = PBXFileReference; lastKnownFileType = sourcecode.c.objc; path = main.m; sourceTree = "<group>"; };
		4AD3FDEB16A56EF400378F77 /* sshproxy-Prefix.pch */ = {isa = PBXFileReference; lastKnownFileType = sourcecode.c.h; path = "sshproxy-Prefix.pch"; sourceTree = "<group>"; };
		4AD3FDED16A56EF400378F77 /* en */ = {isa = PBXFileReference; lastKnownFileType = text.rtf; name = en; path = en.lproj/Credits.rtf; sourceTree = "<group>"; };
		4AD3FDFA16A56EF400378F77 /* sshproxyTests.octest */ = {isa = PBXFileReference; explicitFileType = wrapper.cfbundle; includeInIndex = 0; path = sshproxyTests.octest; sourceTree = BUILT_PRODUCTS_DIR; };
		4AD3FDFB16A56EF400378F77 /* SenTestingKit.framework */ = {isa = PBXFileReference; lastKnownFileType = wrapper.framework; name = SenTestingKit.framework; path = Library/Frameworks/SenTestingKit.framework; sourceTree = DEVELOPER_DIR; };
		4AD3FE0216A56EF400378F77 /* sshproxyTests-Info.plist */ = {isa = PBXFileReference; lastKnownFileType = text.plist.xml; path = "sshproxyTests-Info.plist"; sourceTree = "<group>"; };
		4AD3FE0416A56EF400378F77 /* en */ = {isa = PBXFileReference; lastKnownFileType = text.plist.strings; name = en; path = en.lproj/InfoPlist.strings; sourceTree = "<group>"; };
		4AD3FE0616A56EF400378F77 /* SSH_ProxyTests.h */ = {isa = PBXFileReference; lastKnownFileType = sourcecode.c.h; lineEnding = 0; path = SSH_ProxyTests.h; sourceTree = "<group>"; xcLanguageSpecificationIdentifier = xcode.lang.objcpp; };
		4AD3FE0716A56EF400378F77 /* SSH_ProxyTests.m */ = {isa = PBXFileReference; lastKnownFileType = sourcecode.c.objc; path = SSH_ProxyTests.m; sourceTree = "<group>"; };
		4AEC465816A6A35E008BD118 /* GeneralPreferencesView.xib */ = {isa = PBXFileReference; fileEncoding = 4; lastKnownFileType = file.xib; path = GeneralPreferencesView.xib; sourceTree = "<group>"; };
		4AEC465A16A6A3F5008BD118 /* GeneralPreferencesViewController.h */ = {isa = PBXFileReference; fileEncoding = 4; lastKnownFileType = sourcecode.c.h; lineEnding = 0; path = GeneralPreferencesViewController.h; sourceTree = "<group>"; xcLanguageSpecificationIdentifier = xcode.lang.objcpp; };
		4AEC465B16A6A3F5008BD118 /* GeneralPreferencesViewController.m */ = {isa = PBXFileReference; fileEncoding = 4; lastKnownFileType = sourcecode.c.objc; lineEnding = 0; path = GeneralPreferencesViewController.m; sourceTree = "<group>"; xcLanguageSpecificationIdentifier = xcode.lang.objc; };
/* End PBXFileReference section */

/* Begin PBXFrameworksBuildPhase section */
		4A1BE47616A5BAA0000E56D7 /* Frameworks */ = {
			isa = PBXFrameworksBuildPhase;
			buildActionMask = 2147483647;
			files = (
				4A41067A16BE7F4600D46D91 /* Security.framework in Frameworks */,
				4A1BE47C16A5BAA0000E56D7 /* Foundation.framework in Frameworks */,
			);
			runOnlyForDeploymentPostprocessing = 0;
		};
		4A4231061719A96800ABD4F6 /* Frameworks */ = {
			isa = PBXFrameworksBuildPhase;
			buildActionMask = 2147483647;
			files = (
				4A42311B1719AB5100ABD4F6 /* libresolv.dylib in Frameworks */,
			);
			runOnlyForDeploymentPostprocessing = 0;
		};
		4AA6471716BE3DB900DE5CAD /* Frameworks */ = {
			isa = PBXFrameworksBuildPhase;
			buildActionMask = 2147483647;
			files = (
				4A41067E16BE7FE700D46D91 /* ServiceManagement.framework in Frameworks */,
				4AA6471B16BE3DBA00DE5CAD /* Cocoa.framework in Frameworks */,
			);
			runOnlyForDeploymentPostprocessing = 0;
		};
		4AD3FDD616A56EF400378F77 /* Frameworks */ = {
			isa = PBXFrameworksBuildPhase;
			buildActionMask = 2147483647;
			files = (
				4A41067D16BE7FD000D46D91 /* Security.framework in Frameworks */,
				4A41067C16BE7FB000D46D91 /* ServiceManagement.framework in Frameworks */,
				4AD3FDDE16A56EF400378F77 /* Cocoa.framework in Frameworks */,
			);
			runOnlyForDeploymentPostprocessing = 0;
		};
		4AD3FDF616A56EF400378F77 /* Frameworks */ = {
			isa = PBXFrameworksBuildPhase;
			buildActionMask = 2147483647;
			files = (
				4AD3FDFC16A56EF400378F77 /* SenTestingKit.framework in Frameworks */,
				4AD3FDFD16A56EF400378F77 /* Cocoa.framework in Frameworks */,
			);
			runOnlyForDeploymentPostprocessing = 0;
		};
/* End PBXFrameworksBuildPhase section */

/* Begin PBXGroup section */
		4A1BE47D16A5BAA0000E56D7 /* askpass */ = {
			isa = PBXGroup;
			children = (
				4A44D67F16A8379C00EB44A8 /* main.m */,
				4A4231121719A9F400ABD4F6 /* PasswordHelper.h */,
				4A4231131719A9F400ABD4F6 /* PasswordHelper.m */,
				4A1BE48016A5BAA0000E56D7 /* Supporting Files */,
			);
			name = askpass;
			path = authenticator;
			sourceTree = "<group>";
		};
		4A1BE48016A5BAA0000E56D7 /* Supporting Files */ = {
			isa = PBXGroup;
			children = (
				4A021B3E16B801CD00F98FBC /* askpass.entitlements */,
				4A44D68116A837A800EB44A8 /* askpass-Prefix.pch */,
			);
			name = "Supporting Files";
			sourceTree = "<group>";
		};
		4A42310A1719A96800ABD4F6 /* connect */ = {
			isa = PBXGroup;
			children = (
				4A42310B1719A96800ABD4F6 /* main.c */,
				4A42311C1719AB8100ABD4F6 /* connect.entitlements */,
			);
			path = connect;
			sourceTree = "<group>";
		};
		4AA6470B16BD006700DE5CAD /* MASPreferences */ = {
			isa = PBXGroup;
			children = (
				4AA6470D16BD006700DE5CAD /* MASPreferencesViewController.h */,
				4AA6470E16BD006700DE5CAD /* MASPreferencesWindow.xib */,
				4AA6470F16BD006700DE5CAD /* MASPreferencesWindowController.h */,
				4AA6471016BD006700DE5CAD /* MASPreferencesWindowController.m */,
				4AA6471116BD006700DE5CAD /* README.md */,
			);
			path = MASPreferences;
			sourceTree = "<group>";
		};
		4AA6471C16BE3DBA00DE5CAD /* sshproxyhelper */ = {
			isa = PBXGroup;
			children = (
				4AA6473116BE3DFF00DE5CAD /* sshproxyhelper.entitlements */,
				4AA6472816BE3DBA00DE5CAD /* AppDelegate.h */,
				4AA6472916BE3DBA00DE5CAD /* AppDelegate.m */,
				4AA6471D16BE3DBA00DE5CAD /* Supporting Files */,
				4A7B732F16E6F184005D9965 /* MainMenu.xib */,
			);
			path = sshproxyhelper;
			sourceTree = "<group>";
		};
		4AA6471D16BE3DBA00DE5CAD /* Supporting Files */ = {
			isa = PBXGroup;
			children = (
				4AA6471E16BE3DBA00DE5CAD /* sshproxyhelper-Info.plist */,
				4AA6471F16BE3DBA00DE5CAD /* InfoPlist.strings */,
				4AA6472216BE3DBA00DE5CAD /* main.m */,
				4AA6472416BE3DBA00DE5CAD /* sshproxyhelper-Prefix.pch */,
				4AA6472516BE3DBA00DE5CAD /* Credits.rtf */,
			);
			name = "Supporting Files";
			sourceTree = "<group>";
		};
		4AD3FDCE16A56EF400378F77 = {
			isa = PBXGroup;
			children = (
				4A1E89031701F09F007DF2A0 /* logo.iconset */,
				4AA6470B16BD006700DE5CAD /* MASPreferences */,
				4A1841D516AD3E0200CB5D2B /* blue-hard-drive-network_64x64.icns */,
				4A1841D316AD3D0A00CB5D2B /* black-hard-drive-network_64x64.icns */,
				4A44D69416AD1D6E00EB44A8 /* green-hard-drive-network_64x64.png */,
				4A44D68E16AD194B00EB44A8 /* black-hard-drive-network_64x64.png */,
				4A44D68F16AD194B00EB44A8 /* red-hard-drive-network_64x64.png */,
				4A44D69016AD194C00EB44A8 /* yellow-hard-drive-network_64x64.png */,
				4AD3FDE316A56EF400378F77 /* sshproxy */,
				4A1BE47D16A5BAA0000E56D7 /* askpass */,
				4A42310A1719A96800ABD4F6 /* connect */,
				4AA6471C16BE3DBA00DE5CAD /* sshproxyhelper */,
				4AD3FE0016A56EF400378F77 /* sshproxyTests */,
				4AD3FDDC16A56EF400378F77 /* Frameworks */,
				4AD3FDDA16A56EF400378F77 /* Products */,
			);
			sourceTree = "<group>";
		};
		4AD3FDDA16A56EF400378F77 /* Products */ = {
			isa = PBXGroup;
			children = (
				4AD3FDD916A56EF400378F77 /* SSH Proxy.app */,
				4AD3FDFA16A56EF400378F77 /* sshproxyTests.octest */,
				4A1BE47916A5BAA0000E56D7 /* SSH Proxy - Ask Password */,
				4AA6471A16BE3DB900DE5CAD /* SSH Proxy Helper.app */,
				4A4231091719A96800ABD4F6 /* connect */,
			);
			name = Products;
			sourceTree = "<group>";
		};
		4AD3FDDC16A56EF400378F77 /* Frameworks */ = {
			isa = PBXGroup;
			children = (
				4A42311A1719AB5100ABD4F6 /* libresolv.dylib */,
				4A41067B16BE7FB000D46D91 /* ServiceManagement.framework */,
				4A41067916BE7F4600D46D91 /* Security.framework */,
				4AD3FDDD16A56EF400378F77 /* Cocoa.framework */,
				4AD3FDFB16A56EF400378F77 /* SenTestingKit.framework */,
				4A1BE47B16A5BAA0000E56D7 /* Foundation.framework */,
				4AD3FDDF16A56EF400378F77 /* Other Frameworks */,
			);
			name = Frameworks;
			sourceTree = "<group>";
		};
		4AD3FDDF16A56EF400378F77 /* Other Frameworks */ = {
			isa = PBXGroup;
			children = (
				4AD3FDE016A56EF400378F77 /* AppKit.framework */,
				4AD3FDE116A56EF400378F77 /* CoreData.framework */,
				4AD3FDE216A56EF400378F77 /* Foundation.framework */,
			);
			name = "Other Frameworks";
			sourceTree = "<group>";
		};
		4AD3FDE316A56EF400378F77 /* sshproxy */ = {
			isa = PBXGroup;
			children = (
				4A37A084171AEC6300605BE1 /* CharmTextField.h */,
				4A37A085171AEC6300605BE1 /* CharmTextField.m */,
				4A1F18AB16A7E65A00F39F74 /* CharmNumberFormatter.h */,
				4A1F18AC16A7E65A00F39F74 /* CharmNumberFormatter.m */,
				4A03F73D16A695F0009BCD79 /* StatusMenu.xib */,
				4A03F73716A69519009BCD79 /* AppController.h */,
				4A03F73816A69519009BCD79 /* AppController.m */,
				4A1BE49C16A68F30000E56D7 /* sshproxy.entitlements */,
				4AD3FDE416A56EF400378F77 /* Supporting Files */,
				4AEC465816A6A35E008BD118 /* GeneralPreferencesView.xib */,
				4AEC465A16A6A3F5008BD118 /* GeneralPreferencesViewController.h */,
				4AEC465B16A6A3F5008BD118 /* GeneralPreferencesViewController.m */,
			);
			path = sshproxy;
			sourceTree = "<group>";
		};
		4AD3FDE416A56EF400378F77 /* Supporting Files */ = {
			isa = PBXGroup;
			children = (
				4AD3FDE516A56EF400378F77 /* sshproxy-Info.plist */,
				4AD3FDE616A56EF400378F77 /* InfoPlist.strings */,
				4AD3FDE916A56EF400378F77 /* main.m */,
				4AD3FDEB16A56EF400378F77 /* sshproxy-Prefix.pch */,
				4AD3FDEC16A56EF400378F77 /* Credits.rtf */,
			);
			name = "Supporting Files";
			sourceTree = "<group>";
		};
		4AD3FE0016A56EF400378F77 /* sshproxyTests */ = {
			isa = PBXGroup;
			children = (
				4AD3FE0616A56EF400378F77 /* SSH_ProxyTests.h */,
				4AD3FE0716A56EF400378F77 /* SSH_ProxyTests.m */,
				4AD3FE0116A56EF400378F77 /* Supporting Files */,
			);
			path = sshproxyTests;
			sourceTree = "<group>";
		};
		4AD3FE0116A56EF400378F77 /* Supporting Files */ = {
			isa = PBXGroup;
			children = (
				4AD3FE0216A56EF400378F77 /* sshproxyTests-Info.plist */,
				4AD3FE0316A56EF400378F77 /* InfoPlist.strings */,
			);
			name = "Supporting Files";
			sourceTree = "<group>";
		};
/* End PBXGroup section */

/* Begin PBXNativeTarget section */
		4A1BE47816A5BAA0000E56D7 /* askpass */ = {
			isa = PBXNativeTarget;
			buildConfigurationList = 4A1BE48416A5BAA0000E56D7 /* Build configuration list for PBXNativeTarget "askpass" */;
			buildPhases = (
				4A1BE47516A5BAA0000E56D7 /* Sources */,
				4A1BE47616A5BAA0000E56D7 /* Frameworks */,
				4A1BE47716A5BAA0000E56D7 /* CopyFiles */,
			);
			buildRules = (
			);
			dependencies = (
			);
			name = askpass;
			productName = askpass;
			productReference = 4A1BE47916A5BAA0000E56D7 /* SSH Proxy - Ask Password */;
			productType = "com.apple.product-type.tool";
		};
		4A4231081719A96800ABD4F6 /* connect */ = {
			isa = PBXNativeTarget;
			buildConfigurationList = 4A4231111719A96800ABD4F6 /* Build configuration list for PBXNativeTarget "connect" */;
			buildPhases = (
				4A4231051719A96800ABD4F6 /* Sources */,
				4A4231061719A96800ABD4F6 /* Frameworks */,
				4A4231071719A96800ABD4F6 /* Copy Files */,
			);
			buildRules = (
			);
			dependencies = (
			);
			name = connect;
			productName = connect;
			productReference = 4A4231091719A96800ABD4F6 /* connect */;
			productType = "com.apple.product-type.tool";
		};
		4AA6471916BE3DB900DE5CAD /* sshproxyhelper */ = {
			isa = PBXNativeTarget;
			buildConfigurationList = 4AA6472E16BE3DBA00DE5CAD /* Build configuration list for PBXNativeTarget "sshproxyhelper" */;
			buildPhases = (
				4AA6471616BE3DB900DE5CAD /* Sources */,
				4AA6471716BE3DB900DE5CAD /* Frameworks */,
				4AA6471816BE3DB900DE5CAD /* Resources */,
			);
			buildRules = (
			);
			dependencies = (
			);
			name = sshproxyhelper;
			productName = sshproxyhelper;
			productReference = 4AA6471A16BE3DB900DE5CAD /* SSH Proxy Helper.app */;
			productType = "com.apple.product-type.application";
		};
		4AD3FDD816A56EF400378F77 /* sshproxy */ = {
			isa = PBXNativeTarget;
			buildConfigurationList = 4AD3FE0B16A56EF400378F77 /* Build configuration list for PBXNativeTarget "sshproxy" */;
			buildPhases = (
				4AD3FDD516A56EF400378F77 /* Sources */,
				4AD3FDD616A56EF400378F77 /* Frameworks */,
				4AD3FDD716A56EF400378F77 /* Resources */,
				4AA6473216BE3EEC00DE5CAD /* Copy Helper App */,
			);
			buildRules = (
			);
			dependencies = (
				4A4231191719AADD00ABD4F6 /* PBXTargetDependency */,
				4AA6473516BE3FDC00DE5CAD /* PBXTargetDependency */,
				4A1BE49F16A69049000E56D7 /* PBXTargetDependency */,
			);
			name = sshproxy;
			productName = "SSH Proxy";
			productReference = 4AD3FDD916A56EF400378F77 /* SSH Proxy.app */;
			productType = "com.apple.product-type.application";
		};
		4AD3FDF916A56EF400378F77 /* sshproxyTests */ = {
			isa = PBXNativeTarget;
			buildConfigurationList = 4AD3FE0E16A56EF400378F77 /* Build configuration list for PBXNativeTarget "sshproxyTests" */;
			buildPhases = (
				4AD3FDF516A56EF400378F77 /* Sources */,
				4AD3FDF616A56EF400378F77 /* Frameworks */,
				4AD3FDF716A56EF400378F77 /* Resources */,
				4AD3FDF816A56EF400378F77 /* ShellScript */,
			);
			buildRules = (
			);
			dependencies = (
				4AD3FDFF16A56EF400378F77 /* PBXTargetDependency */,
			);
			name = sshproxyTests;
			productName = "SSH ProxyTests";
			productReference = 4AD3FDFA16A56EF400378F77 /* sshproxyTests.octest */;
			productType = "com.apple.product-type.bundle";
		};
/* End PBXNativeTarget section */

/* Begin PBXProject section */
		4AD3FDD016A56EF400378F77 /* Project object */ = {
			isa = PBXProject;
			attributes = {
				LastUpgradeCheck = 0450;
				ORGANIZATIONNAME = "Charm Studio";
			};
			buildConfigurationList = 4AD3FDD316A56EF400378F77 /* Build configuration list for PBXProject "sshproxy" */;
			compatibilityVersion = "Xcode 3.2";
			developmentRegion = English;
			hasScannedForEncodings = 0;
			knownRegions = (
				en,
			);
			mainGroup = 4AD3FDCE16A56EF400378F77;
			productRefGroup = 4AD3FDDA16A56EF400378F77 /* Products */;
			projectDirPath = "";
			projectRoot = "";
			targets = (
				4AD3FDD816A56EF400378F77 /* sshproxy */,
				4A1BE47816A5BAA0000E56D7 /* askpass */,
				4A4231081719A96800ABD4F6 /* connect */,
				4AA6471916BE3DB900DE5CAD /* sshproxyhelper */,
				4AD3FDF916A56EF400378F77 /* sshproxyTests */,
			);
		};
/* End PBXProject section */

/* Begin PBXResourcesBuildPhase section */
		4AA6471816BE3DB900DE5CAD /* Resources */ = {
			isa = PBXResourcesBuildPhase;
			buildActionMask = 2147483647;
			files = (
				4AA6472116BE3DBA00DE5CAD /* InfoPlist.strings in Resources */,
				4AA6472716BE3DBA00DE5CAD /* Credits.rtf in Resources */,
				4A7B733016E6F184005D9965 /* MainMenu.xib in Resources */,
			);
			runOnlyForDeploymentPostprocessing = 0;
		};
		4AD3FDD716A56EF400378F77 /* Resources */ = {
			isa = PBXResourcesBuildPhase;
			buildActionMask = 2147483647;
			files = (
				4A4231171719AAD500ABD4F6 /* connect in Resources */,
				4A44D67E16A8368900EB44A8 /* SSH Proxy - Ask Password in Resources */,
				4AD3FDE816A56EF400378F77 /* InfoPlist.strings in Resources */,
				4AD3FDEE16A56EF400378F77 /* Credits.rtf in Resources */,
				4A1BE49D16A68F30000E56D7 /* sshproxy.entitlements in Resources */,
				4A03F73E16A695F0009BCD79 /* StatusMenu.xib in Resources */,
				4AEC465916A6A35E008BD118 /* GeneralPreferencesView.xib in Resources */,
				4A44D69116AD194C00EB44A8 /* black-hard-drive-network_64x64.png in Resources */,
				4A44D69216AD194C00EB44A8 /* red-hard-drive-network_64x64.png in Resources */,
				4A44D69316AD194C00EB44A8 /* yellow-hard-drive-network_64x64.png in Resources */,
				4A44D69516AD1D6E00EB44A8 /* green-hard-drive-network_64x64.png in Resources */,
				4A1841D416AD3D0A00CB5D2B /* black-hard-drive-network_64x64.icns in Resources */,
				4A1841D616AD3E0200CB5D2B /* blue-hard-drive-network_64x64.icns in Resources */,
				4A021B3F16B801CD00F98FBC /* askpass.entitlements in Resources */,
				4AA6471316BD006700DE5CAD /* MASPreferencesWindow.xib in Resources */,
				4AA6471516BD006700DE5CAD /* README.md in Resources */,
				4A1E89041701F09F007DF2A0 /* logo.iconset in Resources */,
			);
			runOnlyForDeploymentPostprocessing = 0;
		};
		4AD3FDF716A56EF400378F77 /* Resources */ = {
			isa = PBXResourcesBuildPhase;
			buildActionMask = 2147483647;
			files = (
				4AD3FE0516A56EF400378F77 /* InfoPlist.strings in Resources */,
			);
			runOnlyForDeploymentPostprocessing = 0;
		};
/* End PBXResourcesBuildPhase section */

/* Begin PBXShellScriptBuildPhase section */
		4AD3FDF816A56EF400378F77 /* ShellScript */ = {
			isa = PBXShellScriptBuildPhase;
			buildActionMask = 2147483647;
			files = (
			);
			inputPaths = (
			);
			outputPaths = (
			);
			runOnlyForDeploymentPostprocessing = 0;
			shellPath = /bin/sh;
			shellScript = "# Run the unit tests in this test bundle.\n\"${SYSTEM_DEVELOPER_DIR}/Tools/RunUnitTests\"\n";
		};
/* End PBXShellScriptBuildPhase section */

/* Begin PBXSourcesBuildPhase section */
		4A1BE47516A5BAA0000E56D7 /* Sources */ = {
			isa = PBXSourcesBuildPhase;
			buildActionMask = 2147483647;
			files = (
				4A4231161719AA3500ABD4F6 /* PasswordHelper.m in Sources */,
				4A44D68216A837CB00EB44A8 /* main.m in Sources */,
			);
			runOnlyForDeploymentPostprocessing = 0;
		};
		4A4231051719A96800ABD4F6 /* Sources */ = {
			isa = PBXSourcesBuildPhase;
			buildActionMask = 2147483647;
			files = (
				4A42310C1719A96800ABD4F6 /* main.c in Sources */,
			);
			runOnlyForDeploymentPostprocessing = 0;
		};
		4AA6471616BE3DB900DE5CAD /* Sources */ = {
			isa = PBXSourcesBuildPhase;
			buildActionMask = 2147483647;
			files = (
				4AA6472316BE3DBA00DE5CAD /* main.m in Sources */,
				4AA6472A16BE3DBA00DE5CAD /* AppDelegate.m in Sources */,
			);
			runOnlyForDeploymentPostprocessing = 0;
		};
		4AD3FDD516A56EF400378F77 /* Sources */ = {
			isa = PBXSourcesBuildPhase;
			buildActionMask = 2147483647;
			files = (
				4AD3FDEA16A56EF400378F77 /* main.m in Sources */,
				4A03F73916A69519009BCD79 /* AppController.m in Sources */,
				4AEC465C16A6A3F5008BD118 /* GeneralPreferencesViewController.m in Sources */,
				4A1F18AD16A7E65A00F39F74 /* CharmNumberFormatter.m in Sources */,
				4AA6471416BD006700DE5CAD /* MASPreferencesWindowController.m in Sources */,
				4A37A086171AEC6300605BE1 /* CharmTextField.m in Sources */,
			);
			runOnlyForDeploymentPostprocessing = 0;
		};
		4AD3FDF516A56EF400378F77 /* Sources */ = {
			isa = PBXSourcesBuildPhase;
			buildActionMask = 2147483647;
			files = (
				4AD3FE0816A56EF400378F77 /* SSH_ProxyTests.m in Sources */,
			);
			runOnlyForDeploymentPostprocessing = 0;
		};
/* End PBXSourcesBuildPhase section */

/* Begin PBXTargetDependency section */
		4A1BE49F16A69049000E56D7 /* PBXTargetDependency */ = {
			isa = PBXTargetDependency;
			target = 4A1BE47816A5BAA0000E56D7 /* askpass */;
			targetProxy = 4A1BE49E16A69049000E56D7 /* PBXContainerItemProxy */;
		};
		4A4231191719AADD00ABD4F6 /* PBXTargetDependency */ = {
			isa = PBXTargetDependency;
			target = 4A4231081719A96800ABD4F6 /* connect */;
			targetProxy = 4A4231181719AADD00ABD4F6 /* PBXContainerItemProxy */;
		};
		4AA6473516BE3FDC00DE5CAD /* PBXTargetDependency */ = {
			isa = PBXTargetDependency;
			target = 4AA6471916BE3DB900DE5CAD /* sshproxyhelper */;
			targetProxy = 4AA6473416BE3FDC00DE5CAD /* PBXContainerItemProxy */;
		};
		4AD3FDFF16A56EF400378F77 /* PBXTargetDependency */ = {
			isa = PBXTargetDependency;
			target = 4AD3FDD816A56EF400378F77 /* sshproxy */;
			targetProxy = 4AD3FDFE16A56EF400378F77 /* PBXContainerItemProxy */;
		};
/* End PBXTargetDependency section */

/* Begin PBXVariantGroup section */
		4AA6471F16BE3DBA00DE5CAD /* InfoPlist.strings */ = {
			isa = PBXVariantGroup;
			children = (
				4AA6472016BE3DBA00DE5CAD /* en */,
			);
			name = InfoPlist.strings;
			sourceTree = "<group>";
		};
		4AA6472516BE3DBA00DE5CAD /* Credits.rtf */ = {
			isa = PBXVariantGroup;
			children = (
				4AA6472616BE3DBA00DE5CAD /* en */,
			);
			name = Credits.rtf;
			sourceTree = "<group>";
		};
		4AD3FDE616A56EF400378F77 /* InfoPlist.strings */ = {
			isa = PBXVariantGroup;
			children = (
				4AD3FDE716A56EF400378F77 /* en */,
			);
			name = InfoPlist.strings;
			sourceTree = "<group>";
		};
		4AD3FDEC16A56EF400378F77 /* Credits.rtf */ = {
			isa = PBXVariantGroup;
			children = (
				4AD3FDED16A56EF400378F77 /* en */,
			);
			name = Credits.rtf;
			sourceTree = "<group>";
		};
		4AD3FE0316A56EF400378F77 /* InfoPlist.strings */ = {
			isa = PBXVariantGroup;
			children = (
				4AD3FE0416A56EF400378F77 /* en */,
			);
			name = InfoPlist.strings;
			sourceTree = "<group>";
		};
/* End PBXVariantGroup section */

/* Begin XCBuildConfiguration section */
		4A1BE48516A5BAA0000E56D7 /* Debug */ = {
			isa = XCBuildConfiguration;
			buildSettings = {
				CLANG_ENABLE_OBJC_ARC = YES;
				CODE_SIGN_ENTITLEMENTS = askpass/askpass.entitlements;
				CODE_SIGN_IDENTITY = "3rd Party Mac Developer Application";
				GCC_PRECOMPILE_PREFIX_HEADER = YES;
				GCC_PREFIX_HEADER = "askpass/askpass-Prefix.pch";
				PRODUCT_NAME = "SSH Proxy - Ask Password";
				PROVISIONING_PROFILE = "";
				SKIP_INSTALL = YES;
			};
			name = Debug;
		};
		4A1BE48616A5BAA0000E56D7 /* Release */ = {
			isa = XCBuildConfiguration;
			buildSettings = {
				CLANG_ENABLE_OBJC_ARC = YES;
				CODE_SIGN_ENTITLEMENTS = askpass/askpass.entitlements;
				CODE_SIGN_IDENTITY = "3rd Party Mac Developer Application";
				GCC_PRECOMPILE_PREFIX_HEADER = YES;
				GCC_PREFIX_HEADER = "askpass/askpass-Prefix.pch";
				PRODUCT_NAME = "SSH Proxy - Ask Password";
				PROVISIONING_PROFILE = "";
				SKIP_INSTALL = YES;
			};
			name = Release;
		};
		4A42310F1719A96800ABD4F6 /* Debug */ = {
			isa = XCBuildConfiguration;
			buildSettings = {
				CLANG_WARN_CONSTANT_CONVERSION = YES;
				CLANG_WARN_ENUM_CONVERSION = YES;
				CLANG_WARN_INT_CONVERSION = YES;
				CODE_SIGN_ENTITLEMENTS = connect/connect.entitlements;
				GCC_VERSION = "";
				GCC_WARN_INHIBIT_ALL_WARNINGS = YES;
				MACOSX_DEPLOYMENT_TARGET = 10.6;
				PRODUCT_NAME = "$(TARGET_NAME)";
				SKIP_INSTALL = YES;
			};
			name = Debug;
		};
		4A4231101719A96800ABD4F6 /* Release */ = {
			isa = XCBuildConfiguration;
			buildSettings = {
				CLANG_WARN_CONSTANT_CONVERSION = YES;
				CLANG_WARN_ENUM_CONVERSION = YES;
				CLANG_WARN_INT_CONVERSION = YES;
				CODE_SIGN_ENTITLEMENTS = connect/connect.entitlements;
				GCC_VERSION = "";
				GCC_WARN_INHIBIT_ALL_WARNINGS = YES;
				MACOSX_DEPLOYMENT_TARGET = 10.6;
				PRODUCT_NAME = "$(TARGET_NAME)";
				SKIP_INSTALL = YES;
			};
			name = Release;
		};
		4AA6472F16BE3DBA00DE5CAD /* Debug */ = {
			isa = XCBuildConfiguration;
			buildSettings = {
				CLANG_WARN_CONSTANT_CONVERSION = YES;
				CLANG_WARN_ENUM_CONVERSION = YES;
				CLANG_WARN_INT_CONVERSION = YES;
				CODE_SIGN_ENTITLEMENTS = sshproxyhelper/sshproxyhelper.entitlements;
				COMBINE_HIDPI_IMAGES = YES;
				GCC_PRECOMPILE_PREFIX_HEADER = YES;
				GCC_PREFIX_HEADER = "sshproxyhelper/sshproxyhelper-Prefix.pch";
				INFOPLIST_FILE = "sshproxyhelper/sshproxyhelper-Info.plist";
				MACOSX_DEPLOYMENT_TARGET = 10.6;
				PRODUCT_NAME = "SSH Proxy Helper";
				SKIP_INSTALL = YES;
				WRAPPER_EXTENSION = app;
			};
			name = Debug;
		};
		4AA6473016BE3DBA00DE5CAD /* Release */ = {
			isa = XCBuildConfiguration;
			buildSettings = {
				CLANG_WARN_CONSTANT_CONVERSION = YES;
				CLANG_WARN_ENUM_CONVERSION = YES;
				CLANG_WARN_INT_CONVERSION = YES;
				CODE_SIGN_ENTITLEMENTS = sshproxyhelper/sshproxyhelper.entitlements;
				COMBINE_HIDPI_IMAGES = YES;
				GCC_PRECOMPILE_PREFIX_HEADER = YES;
				GCC_PREFIX_HEADER = "sshproxyhelper/sshproxyhelper-Prefix.pch";
				INFOPLIST_FILE = "sshproxyhelper/sshproxyhelper-Info.plist";
				MACOSX_DEPLOYMENT_TARGET = 10.6;
				PRODUCT_NAME = "SSH Proxy Helper";
				SKIP_INSTALL = YES;
				WRAPPER_EXTENSION = app;
			};
			name = Release;
		};
		4AD3FE0916A56EF400378F77 /* Debug */ = {
			isa = XCBuildConfiguration;
			buildSettings = {
				ALWAYS_SEARCH_USER_PATHS = NO;
				ARCHS = "$(ARCHS_STANDARD_64_BIT)";
				CLANG_CXX_LANGUAGE_STANDARD = "gnu++0x";
				CLANG_CXX_LIBRARY = "libc++";
				CLANG_ENABLE_OBJC_ARC = YES;
				CLANG_WARN_EMPTY_BODY = YES;
				CLANG_WARN__DUPLICATE_METHOD_MATCH = YES;
				CODE_SIGN_ENTITLEMENTS = "";
				CODE_SIGN_IDENTITY = "3rd Party Mac Developer Application";
				COPY_PHASE_STRIP = NO;
				GCC_C_LANGUAGE_STANDARD = gnu99;
				GCC_DYNAMIC_NO_PIC = NO;
				GCC_ENABLE_OBJC_EXCEPTIONS = YES;
				GCC_OPTIMIZATION_LEVEL = 0;
				GCC_PREPROCESSOR_DEFINITIONS = (
					"DEBUG=1",
					"$(inherited)",
				);
				GCC_SYMBOLS_PRIVATE_EXTERN = NO;
				GCC_WARN_64_TO_32_BIT_CONVERSION = YES;
				GCC_WARN_ABOUT_RETURN_TYPE = YES;
				GCC_WARN_UNINITIALIZED_AUTOS = YES;
				GCC_WARN_UNUSED_VARIABLE = YES;
				MACOSX_DEPLOYMENT_TARGET = 10.6;
				ONLY_ACTIVE_ARCH = YES;
				PROVISIONING_PROFILE = "";
				SDKROOT = macosx;
				VALID_ARCHS = x86_64;
			};
			name = Debug;
		};
		4AD3FE0A16A56EF400378F77 /* Release */ = {
			isa = XCBuildConfiguration;
			buildSettings = {
				ALWAYS_SEARCH_USER_PATHS = NO;
				ARCHS = "$(ARCHS_STANDARD_64_BIT)";
				CLANG_CXX_LANGUAGE_STANDARD = "gnu++0x";
				CLANG_CXX_LIBRARY = "libc++";
				CLANG_ENABLE_OBJC_ARC = YES;
				CLANG_WARN_EMPTY_BODY = YES;
				CLANG_WARN__DUPLICATE_METHOD_MATCH = YES;
				CODE_SIGN_ENTITLEMENTS = "";
				CODE_SIGN_IDENTITY = "3rd Party Mac Developer Application";
				COPY_PHASE_STRIP = YES;
				DEBUG_INFORMATION_FORMAT = "dwarf-with-dsym";
				GCC_C_LANGUAGE_STANDARD = gnu99;
				GCC_ENABLE_OBJC_EXCEPTIONS = YES;
				GCC_WARN_64_TO_32_BIT_CONVERSION = YES;
				GCC_WARN_ABOUT_RETURN_TYPE = YES;
				GCC_WARN_UNINITIALIZED_AUTOS = YES;
				GCC_WARN_UNUSED_VARIABLE = YES;
				MACOSX_DEPLOYMENT_TARGET = 10.6;
				PROVISIONING_PROFILE = "";
				SDKROOT = macosx;
				VALID_ARCHS = x86_64;
			};
			name = Release;
		};
		4AD3FE0C16A56EF400378F77 /* Debug */ = {
			isa = XCBuildConfiguration;
			buildSettings = {
				CLANG_ENABLE_OBJC_ARC = YES;
				CODE_SIGN_ENTITLEMENTS = sshproxy/sshproxy.entitlements;
				CODE_SIGN_IDENTITY = "3rd Party Mac Developer Application";
				COMBINE_HIDPI_IMAGES = YES;
				GCC_PRECOMPILE_PREFIX_HEADER = YES;
				GCC_PREFIX_HEADER = "sshproxy/sshproxy-Prefix.pch";
				INFOPLIST_FILE = "sshproxy/sshproxy-Info.plist";
				MACOSX_DEPLOYMENT_TARGET = 10.6;
				PRODUCT_NAME = "SSH Proxy";
				PROVISIONING_PROFILE = "";
				WRAPPER_EXTENSION = app;
			};
			name = Debug;
		};
		4AD3FE0D16A56EF400378F77 /* Release */ = {
			isa = XCBuildConfiguration;
			buildSettings = {
				CLANG_ENABLE_OBJC_ARC = YES;
				CODE_SIGN_ENTITLEMENTS = sshproxy/sshproxy.entitlements;
				CODE_SIGN_IDENTITY = "3rd Party Mac Developer Application";
				COMBINE_HIDPI_IMAGES = YES;
				COPY_PHASE_STRIP = NO;
				GCC_PRECOMPILE_PREFIX_HEADER = YES;
				GCC_PREFIX_HEADER = "sshproxy/sshproxy-Prefix.pch";
				INFOPLIST_FILE = "sshproxy/sshproxy-Info.plist";
				MACOSX_DEPLOYMENT_TARGET = 10.6;
				PRODUCT_NAME = "SSH Proxy";
				PROVISIONING_PROFILE = "";
				WRAPPER_EXTENSION = app;
			};
			name = Release;
		};
		4AD3FE0F16A56EF400378F77 /* Debug */ = {
			isa = XCBuildConfiguration;
			buildSettings = {
				BUNDLE_LOADER = "$(BUILT_PRODUCTS_DIR)/SSH Proxy.app/Contents/MacOS/SSH Proxy";
				COMBINE_HIDPI_IMAGES = YES;
				FRAMEWORK_SEARCH_PATHS = "\"$(DEVELOPER_LIBRARY_DIR)/Frameworks\"";
				GCC_PRECOMPILE_PREFIX_HEADER = YES;
				GCC_PREFIX_HEADER = "SSH Proxy/SSH Proxy-Prefix.pch";
				INFOPLIST_FILE = "SSH ProxyTests/sshproxyTests-Info.plist";
				PRODUCT_NAME = sshproxyTests;
				TEST_HOST = "$(BUNDLE_LOADER)";
				VALID_ARCHS = x86_64;
				WRAPPER_EXTENSION = octest;
			};
			name = Debug;
		};
		4AD3FE1016A56EF400378F77 /* Release */ = {
			isa = XCBuildConfiguration;
			buildSettings = {
				BUNDLE_LOADER = "$(BUILT_PRODUCTS_DIR)/SSH Proxy.app/Contents/MacOS/SSH Proxy";
				COMBINE_HIDPI_IMAGES = YES;
				FRAMEWORK_SEARCH_PATHS = "\"$(DEVELOPER_LIBRARY_DIR)/Frameworks\"";
				GCC_PRECOMPILE_PREFIX_HEADER = YES;
				GCC_PREFIX_HEADER = "SSH Proxy/SSH Proxy-Prefix.pch";
				INFOPLIST_FILE = "SSH ProxyTests/sshproxyTests-Info.plist";
				PRODUCT_NAME = sshproxyTests;
				TEST_HOST = "$(BUNDLE_LOADER)";
				VALID_ARCHS = x86_64;
				WRAPPER_EXTENSION = octest;
			};
			name = Release;
		};
/* End XCBuildConfiguration section */

/* Begin XCConfigurationList section */
		4A1BE48416A5BAA0000E56D7 /* Build configuration list for PBXNativeTarget "askpass" */ = {
			isa = XCConfigurationList;
			buildConfigurations = (
				4A1BE48516A5BAA0000E56D7 /* Debug */,
				4A1BE48616A5BAA0000E56D7 /* Release */,
			);
			defaultConfigurationIsVisible = 0;
			defaultConfigurationName = Release;
		};
		4A4231111719A96800ABD4F6 /* Build configuration list for PBXNativeTarget "connect" */ = {
			isa = XCConfigurationList;
			buildConfigurations = (
				4A42310F1719A96800ABD4F6 /* Debug */,
				4A4231101719A96800ABD4F6 /* Release */,
			);
			defaultConfigurationIsVisible = 0;
			defaultConfigurationName = Release;
		};
		4AA6472E16BE3DBA00DE5CAD /* Build configuration list for PBXNativeTarget "sshproxyhelper" */ = {
			isa = XCConfigurationList;
			buildConfigurations = (
				4AA6472F16BE3DBA00DE5CAD /* Debug */,
				4AA6473016BE3DBA00DE5CAD /* Release */,
			);
			defaultConfigurationIsVisible = 0;
			defaultConfigurationName = Release;
		};
		4AD3FDD316A56EF400378F77 /* Build configuration list for PBXProject "sshproxy" */ = {
			isa = XCConfigurationList;
			buildConfigurations = (
				4AD3FE0916A56EF400378F77 /* Debug */,
				4AD3FE0A16A56EF400378F77 /* Release */,
			);
			defaultConfigurationIsVisible = 0;
			defaultConfigurationName = Release;
		};
		4AD3FE0B16A56EF400378F77 /* Build configuration list for PBXNativeTarget "sshproxy" */ = {
			isa = XCConfigurationList;
			buildConfigurations = (
				4AD3FE0C16A56EF400378F77 /* Debug */,
				4AD3FE0D16A56EF400378F77 /* Release */,
			);
			defaultConfigurationIsVisible = 0;
			defaultConfigurationName = Release;
		};
		4AD3FE0E16A56EF400378F77 /* Build configuration list for PBXNativeTarget "sshproxyTests" */ = {
			isa = XCConfigurationList;
			buildConfigurations = (
				4AD3FE0F16A56EF400378F77 /* Debug */,
				4AD3FE1016A56EF400378F77 /* Release */,
			);
			defaultConfigurationIsVisible = 0;
			defaultConfigurationName = Release;
		};
/* End XCConfigurationList section */
	};
	rootObject = 4AD3FDD016A56EF400378F77 /* Project object */;
}
